# This file is automatically @generated by Cargo.
# It is not intended for manual editing.
version = 4

[[package]]
name = "miranda"
version = "0.1.0"

[[package]]
name = "miranda-core"
version = "0.1.0"

[[package]]
name = "miranda-runtime"
version = "0.1.0"

[[package]]
name = "miranda-server"
version = "0.1.0"
